
Microsoft Visual Studio Solution File, Format Version 12.00
# Visual Studio Version 17
VisualStudioVersion = 17.6.33829.357
MinimumVisualStudioVersion = 10.0.40219.1
Project("{FAE04EC0-301F-11D3-BF4B-00C04F79EFBC}") = "MauiCollectionView", "MauiCollectionView\MauiCollectionView.csproj", "{B019457D-9C34-43E1-A96A-B5519B0F5A36}"
EndProject
Global
	GlobalSection(SolutionConfigurationPlatforms) = preSolution
		Debug|Any CPU = Debug|Any CPU
		Release|Any CPU = Release|Any CPU
	EndGlobalSection
	GlobalSection(ProjectConfigurationPlatforms) = postSolution
		{B019457D-9C34-43E1-A96A-B5519B0F5A36}.Debug|Any CPU.ActiveCfg = Debug|Any CPU
		{B019457D-9C34-43E1-A96A-B5519B0F5A36}.Debug|Any CPU.Build.0 = Debug|Any CPU
		{B019457D-9C34-43E1-A96A-B5519B0F5A36}.Debug|Any CPU.Deploy.0 = Debug|Any CPU
		{B019457D-9C34-43E1-A96A-B5519B0F5A36}.Release|Any CPU.ActiveCfg = Release|Any CPU
		{B019457D-9C34-43E1-A96A-B5519B0F5A36}.Release|Any CPU.Build.0 = Release|Any CPU
		{B019457D-9C34-43E1-A96A-B5519B0F5A36}.Release|Any CPU.Deploy.0 = Release|Any CPU
	EndGlobalSection
	GlobalSection(SolutionProperties) = preSolution
		HideSolutionNode = FALSE
	EndGlobalSection
	GlobalSection(ExtensibilityGlobals) = postSolution
		SolutionGuid = {66438684-630D-4C84-8EE5-EEF31BE8CDD4}
	EndGlobalSection
EndGlobal
